
Microsoft Visual Studio Solution File, Format Version 12.00
Project("{FAE04EC0-301F-11D3-BF4B-00C04F79EFBC}") = "Identity.API", "Identity.API\Identity.API.csproj", "{CD7A6F73-91C2-467A-AE2B-17F3C1F5A824}"
EndProject
Project("{FAE04EC0-301F-11D3-BF4B-00C04F79EFBC}") = "Student.API", "Student.API\Student.API.csproj", "{AD3E96CE-4858-4016-BB3E-E095A1B7BF6B}"
EndProject
Project("{FAE04EC0-301F-11D3-BF4B-00C04F79EFBC}") = "Advisor.API", "Advisor.API\Advisor.API.csproj", "{666B1769-2500-4477-9D16-1CFA7D9CDDFF}"
EndProject
Project("{FAE04EC0-301F-11D3-BF4B-00C04F79EFBC}") = "Lecture.API", "Lecture.API\Lecture.API.csproj", "{40C260E8-B746-4ADB-93E9-4D767133C8AA}"
EndProject
Project("{FAE04EC0-301F-11D3-BF4B-00C04F79EFBC}") = "Shared", "Shared\Shared.csproj", "{BEF8AF01-8ED2-4CE0-B870-C7521078F00E}"
EndProject
Project("{2150E333-8FDC-42A3-9474-1A3956D46DE8}") = "Solution Items", "Solution Items", "{0C31A891-C6AD-480A-85C2-D87CA1BA5E8A}"
	ProjectSection(SolutionItems) = preProject
		compose.yaml = compose.yaml
	EndProjectSection
EndProject
Project("{FAE04EC0-301F-11D3-BF4B-00C04F79EFBC}") = "ApiGateway", "ApiGateway\ApiGateway.csproj", "{A51B8DC9-3476-427C-ABB1-5DA05AB67B9D}"
EndProject
Global
	GlobalSection(SolutionConfigurationPlatforms) = preSolution
		Debug|Any CPU = Debug|Any CPU
		Release|Any CPU = Release|Any CPU
	EndGlobalSection
	GlobalSection(ProjectConfigurationPlatforms) = postSolution
		{CD7A6F73-91C2-467A-AE2B-17F3C1F5A824}.Debug|Any CPU.ActiveCfg = Debug|Any CPU
		{CD7A6F73-91C2-467A-AE2B-17F3C1F5A824}.Debug|Any CPU.Build.0 = Debug|Any CPU
		{CD7A6F73-91C2-467A-AE2B-17F3C1F5A824}.Release|Any CPU.ActiveCfg = Release|Any CPU
		{CD7A6F73-91C2-467A-AE2B-17F3C1F5A824}.Release|Any CPU.Build.0 = Release|Any CPU
		{AD3E96CE-4858-4016-BB3E-E095A1B7BF6B}.Debug|Any CPU.ActiveCfg = Debug|Any CPU
		{AD3E96CE-4858-4016-BB3E-E095A1B7BF6B}.Debug|Any CPU.Build.0 = Debug|Any CPU
		{AD3E96CE-4858-4016-BB3E-E095A1B7BF6B}.Release|Any CPU.ActiveCfg = Release|Any CPU
		{AD3E96CE-4858-4016-BB3E-E095A1B7BF6B}.Release|Any CPU.Build.0 = Release|Any CPU
		{666B1769-2500-4477-9D16-1CFA7D9CDDFF}.Debug|Any CPU.ActiveCfg = Debug|Any CPU
		{666B1769-2500-4477-9D16-1CFA7D9CDDFF}.Debug|Any CPU.Build.0 = Debug|Any CPU
		{666B1769-2500-4477-9D16-1CFA7D9CDDFF}.Release|Any CPU.ActiveCfg = Release|Any CPU
		{666B1769-2500-4477-9D16-1CFA7D9CDDFF}.Release|Any CPU.Build.0 = Release|Any CPU
		{40C260E8-B746-4ADB-93E9-4D767133C8AA}.Debug|Any CPU.ActiveCfg = Debug|Any CPU
		{40C260E8-B746-4ADB-93E9-4D767133C8AA}.Debug|Any CPU.Build.0 = Debug|Any CPU
		{40C260E8-B746-4ADB-93E9-4D767133C8AA}.Release|Any CPU.ActiveCfg = Release|Any CPU
		{40C260E8-B746-4ADB-93E9-4D767133C8AA}.Release|Any CPU.Build.0 = Release|Any CPU
		{BEF8AF01-8ED2-4CE0-B870-C7521078F00E}.Debug|Any CPU.ActiveCfg = Debug|Any CPU
		{BEF8AF01-8ED2-4CE0-B870-C7521078F00E}.Debug|Any CPU.Build.0 = Debug|Any CPU
		{BEF8AF01-8ED2-4CE0-B870-C7521078F00E}.Release|Any CPU.ActiveCfg = Release|Any CPU
		{BEF8AF01-8ED2-4CE0-B870-C7521078F00E}.Release|Any CPU.Build.0 = Release|Any CPU
		{A51B8DC9-3476-427C-ABB1-5DA05AB67B9D}.Debug|Any CPU.ActiveCfg = Debug|Any CPU
		{A51B8DC9-3476-427C-ABB1-5DA05AB67B9D}.Debug|Any CPU.Build.0 = Debug|Any CPU
		{A51B8DC9-3476-427C-ABB1-5DA05AB67B9D}.Release|Any CPU.ActiveCfg = Release|Any CPU
		{A51B8DC9-3476-427C-ABB1-5DA05AB67B9D}.Release|Any CPU.Build.0 = Release|Any CPU
	EndGlobalSection
EndGlobal
